
Microsoft Visual Studio Solution File, Format Version 12.00
# Visual Studio Version 17
VisualStudioVersion = 17.1.32228.430
MinimumVisualStudioVersion = 10.0.40219.1
Project("{8BC9CEB8-8B4A-11D0-8D11-00A0C91BC942}") = "前导程序4.1-4.2.1", "第四章字符串和格式化输出_输入\第四章字符串和格式化输出_输入.vcxproj", "{F0B5DDB9-8798-47AF-A24B-C6337CDD21A0}"
EndProject
Project("{8BC9CEB8-8B4A-11D0-8D11-00A0C91BC942}") = "使用字符串4.2.2", "使用字符串4.2.2\使用字符串4.2.2.vcxproj", "{AD2F1CD1-E0B1-4AFD-9545-C179BBE1F791}"
EndProject
Project("{8BC9CEB8-8B4A-11D0-8D11-00A0C91BC942}") = "strlen()函数4.2.3", "strlen()函数4.2.3\strlen()函数4.2.3.vcxproj", "{6D544D84-52BB-4C37-8CB8-2B8F6C724702}"
EndProject
Project("{8BC9CEB8-8B4A-11D0-8D11-00A0C91BC942}") = "常量和C预处理器4.3-4.3.1", "常量和C预处理器4.3-4.3.1\常量和C预处理器4.3-4.3.1.vcxproj", "{BE8DAA33-18FE-43D4-B393-29BE74DCD27C}"
EndProject
Project("{8BC9CEB8-8B4A-11D0-8D11-00A0C91BC942}") = "明示常量4.3.2", "明示常量4.3.2\明示常量4.3.2.vcxproj", "{BB6AB266-901E-439C-9A36-7EC8AAD77E2B}"
EndProject
Global
	GlobalSection(SolutionConfigurationPlatforms) = preSolution
		Debug|x64 = Debug|x64
		Debug|x86 = Debug|x86
		Release|x64 = Release|x64
		Release|x86 = Release|x86
	EndGlobalSection
	GlobalSection(ProjectConfigurationPlatforms) = postSolution
		{F0B5DDB9-8798-47AF-A24B-C6337CDD21A0}.Debug|x64.ActiveCfg = Debug|x64
		{F0B5DDB9-8798-47AF-A24B-C6337CDD21A0}.Debug|x64.Build.0 = Debug|x64
		{F0B5DDB9-8798-47AF-A24B-C6337CDD21A0}.Debug|x86.ActiveCfg = Debug|Win32
		{F0B5DDB9-8798-47AF-A24B-C6337CDD21A0}.Debug|x86.Build.0 = Debug|Win32
		{F0B5DDB9-8798-47AF-A24B-C6337CDD21A0}.Release|x64.ActiveCfg = Release|x64
		{F0B5DDB9-8798-47AF-A24B-C6337CDD21A0}.Release|x64.Build.0 = Release|x64
		{F0B5DDB9-8798-47AF-A24B-C6337CDD21A0}.Release|x86.ActiveCfg = Release|Win32
		{F0B5DDB9-8798-47AF-A24B-C6337CDD21A0}.Release|x86.Build.0 = Release|Win32
		{AD2F1CD1-E0B1-4AFD-9545-C179BBE1F791}.Debug|x64.ActiveCfg = Debug|x64
		{AD2F1CD1-E0B1-4AFD-9545-C179BBE1F791}.Debug|x64.Build.0 = Debug|x64
		{AD2F1CD1-E0B1-4AFD-9545-C179BBE1F791}.Debug|x86.ActiveCfg = Debug|Win32
		{AD2F1CD1-E0B1-4AFD-9545-C179BBE1F791}.Debug|x86.Build.0 = Debug|Win32
		{AD2F1CD1-E0B1-4AFD-9545-C179BBE1F791}.Release|x64.ActiveCfg = Release|x64
		{AD2F1CD1-E0B1-4AFD-9545-C179BBE1F791}.Release|x64.Build.0 = Release|x64
		{AD2F1CD1-E0B1-4AFD-9545-C179BBE1F791}.Release|x86.ActiveCfg = Release|Win32
		{AD2F1CD1-E0B1-4AFD-9545-C179BBE1F791}.Release|x86.Build.0 = Release|Win32
		{6D544D84-52BB-4C37-8CB8-2B8F6C724702}.Debug|x64.ActiveCfg = Debug|x64
		{6D544D84-52BB-4C37-8CB8-2B8F6C724702}.Debug|x64.Build.0 = Debug|x64
		{6D544D84-52BB-4C37-8CB8-2B8F6C724702}.Debug|x86.ActiveCfg = Debug|Win32
		{6D544D84-52BB-4C37-8CB8-2B8F6C724702}.Debug|x86.Build.0 = Debug|Win32
		{6D544D84-52BB-4C37-8CB8-2B8F6C724702}.Release|x64.ActiveCfg = Release|x64
		{6D544D84-52BB-4C37-8CB8-2B8F6C724702}.Release|x64.Build.0 = Release|x64
		{6D544D84-52BB-4C37-8CB8-2B8F6C724702}.Release|x86.ActiveCfg = Release|Win32
		{6D544D84-52BB-4C37-8CB8-2B8F6C724702}.Release|x86.Build.0 = Release|Win32
		{BE8DAA33-18FE-43D4-B393-29BE74DCD27C}.Debug|x64.ActiveCfg = Debug|x64
		{BE8DAA33-18FE-43D4-B393-29BE74DCD27C}.Debug|x64.Build.0 = Debug|x64
		{BE8DAA33-18FE-43D4-B393-29BE74DCD27C}.Debug|x86.ActiveCfg = Debug|Win32
		{BE8DAA33-18FE-43D4-B393-29BE74DCD27C}.Debug|x86.Build.0 = Debug|Win32
		{BE8DAA33-18FE-43D4-B393-29BE74DCD27C}.Release|x64.ActiveCfg = Release|x64
		{BE8DAA33-18FE-43D4-B393-29BE74DCD27C}.Release|x64.Build.0 = Release|x64
		{BE8DAA33-18FE-43D4-B393-29BE74DCD27C}.Release|x86.ActiveCfg = Release|Win32
		{BE8DAA33-18FE-43D4-B393-29BE74DCD27C}.Release|x86.Build.0 = Release|Win32
		{BB6AB266-901E-439C-9A36-7EC8AAD77E2B}.Debug|x64.ActiveCfg = Debug|x64
		{BB6AB266-901E-439C-9A36-7EC8AAD77E2B}.Debug|x64.Build.0 = Debug|x64
		{BB6AB266-901E-439C-9A36-7EC8AAD77E2B}.Debug|x86.ActiveCfg = Debug|Win32
		{BB6AB266-901E-439C-9A36-7EC8AAD77E2B}.Debug|x86.Build.0 = Debug|Win32
		{BB6AB266-901E-439C-9A36-7EC8AAD77E2B}.Release|x64.ActiveCfg = Release|x64
		{BB6AB266-901E-439C-9A36-7EC8AAD77E2B}.Release|x64.Build.0 = Release|x64
		{BB6AB266-901E-439C-9A36-7EC8AAD77E2B}.Release|x86.ActiveCfg = Release|Win32
		{BB6AB266-901E-439C-9A36-7EC8AAD77E2B}.Release|x86.Build.0 = Release|Win32
	EndGlobalSection
	GlobalSection(SolutionProperties) = preSolution
		HideSolutionNode = FALSE
	EndGlobalSection
	GlobalSection(ExtensibilityGlobals) = postSolution
		SolutionGuid = {51F90099-9CCD-42B6-9A19-7F78F0DB8090}
	EndGlobalSection
EndGlobal
